// !$*UTF8*$!
{
	archiveVersion = 1;
	classes = {
	};
	objectVersion = 50;
	objects = {

/* Begin PBXBuildFile section */
		29565ACF244AB0BA005F13FF /* AppDelegate.swift in Sources */ = {isa = PBXBuildFile; fileRef = 29565ACE244AB0BA005F13FF /* AppDelegate.swift */; };
		29565AD1244AB0BA005F13FF /* SceneDelegate.swift in Sources */ = {isa = PBXBuildFile; fileRef = 29565AD0244AB0BA005F13FF /* SceneDelegate.swift */; };
		29565AD3244AB0BA005F13FF /* ViewController.swift in Sources */ = {isa = PBXBuildFile; fileRef = 29565AD2244AB0BA005F13FF /* ViewController.swift */; };
		29565AD6244AB0BA005F13FF /* Main.storyboard in Resources */ = {isa = PBXBuildFile; fileRef = 29565AD4244AB0BA005F13FF /* Main.storyboard */; };
		29565AD8244AB0BB005F13FF /* Assets.xcassets in Resources */ = {isa = PBXBuildFile; fileRef = 29565AD7244AB0BB005F13FF /* Assets.xcassets */; };
		29565ADB244AB0BB005F13FF /* LaunchScreen.storyboard in Resources */ = {isa = PBXBuildFile; fileRef = 29565AD9244AB0BB005F13FF /* LaunchScreen.storyboard */; };
		29565AE6244AB0BB005F13FF /* SOPT_iOS_1stSeminarTests.swift in Sources */ = {isa = PBXBuildFile; fileRef = 29565AE5244AB0BB005F13FF /* SOPT_iOS_1stSeminarTests.swift */; };
		29565AF1244AB0BB005F13FF /* SOPT_iOS_1stSeminarUITests.swift in Sources */ = {isa = PBXBuildFile; fileRef = 29565AF0244AB0BB005F13FF /* SOPT_iOS_1stSeminarUITests.swift */; };
		29565AFF244AB32E005F13FF /* BlueViewController.swift in Sources */ = {isa = PBXBuildFile; fileRef = 29565AFE244AB32E005F13FF /* BlueViewController.swift */; };
		29565B01244ABD87005F13FF /* FirstViewController.swift in Sources */ = {isa = PBXBuildFile; fileRef = 29565B00244ABD87005F13FF /* FirstViewController.swift */; };
		29565B03244ABD93005F13FF /* SecondViewController.swift in Sources */ = {isa = PBXBuildFile; fileRef = 29565B02244ABD93005F13FF /* SecondViewController.swift */; };
/* End PBXBuildFile section */

/* Begin PBXContainerItemProxy section */
		29565AE2244AB0BB005F13FF /* PBXContainerItemProxy */ = {
			isa = PBXContainerItemProxy;
			containerPortal = 29565AC3244AB0BA005F13FF /* Project object */;
			proxyType = 1;
			remoteGlobalIDString = 29565ACA244AB0BA005F13FF;
			remoteInfo = SOPT_iOS_1stSeminar;
		};
		29565AED244AB0BB005F13FF /* PBXContainerItemProxy */ = {
			isa = PBXContainerItemProxy;
			containerPortal = 29565AC3244AB0BA005F13FF /* Project object */;
			proxyType = 1;
			remoteGlobalIDString = 29565ACA244AB0BA005F13FF;
			remoteInfo = SOPT_iOS_1stSeminar;
		};
/* End PBXContainerItemProxy section */

/* Begin PBXFileReference section */
		29565ACB244AB0BA005F13FF /* SOPT_iOS_1stSeminar.app */ = {isa = PBXFileReference; explicitFileType = wrapper.application; includeInIndex = 0; path = SOPT_iOS_1stSeminar.app; sourceTree = BUILT_PRODUCTS_DIR; };
		29565ACE244AB0BA005F13FF /* AppDelegate.swift */ = {isa = PBXFileReference; lastKnownFileType = sourcecode.swift; path = AppDelegate.swift; sourceTree = "<group>"; };
		29565AD0244AB0BA005F13FF /* SceneDelegate.swift */ = {isa = PBXFileReference; lastKnownFileType = sourcecode.swift; path = SceneDelegate.swift; sourceTree = "<group>"; };
		29565AD2244AB0BA005F13FF /* ViewController.swift */ = {isa = PBXFileReference; lastKnownFileType = sourcecode.swift; path = ViewController.swift; sourceTree = "<group>"; };
		29565AD5244AB0BA005F13FF /* Base */ = {isa = PBXFileReference; lastKnownFileType = file.storyboard; name = Base; path = Base.lproj/Main.storyboard; sourceTree = "<group>"; };
		29565AD7244AB0BB005F13FF /* Assets.xcassets */ = {isa = PBXFileReference; lastKnownFileType = folder.assetcatalog; path = Assets.xcassets; sourceTree = "<group>"; };
		29565ADA244AB0BB005F13FF /* Base */ = {isa = PBXFileReference; lastKnownFileType = file.storyboard; name = Base; path = Base.lproj/LaunchScreen.storyboard; sourceTree = "<group>"; };
		29565ADC244AB0BB005F13FF /* Info.plist */ = {isa = PBXFileReference; lastKnownFileType = text.plist.xml; path = Info.plist; sourceTree = "<group>"; };
		29565AE1244AB0BB005F13FF /* SOPT_iOS_1stSeminarTests.xctest */ = {isa = PBXFileReference; explicitFileType = wrapper.cfbundle; includeInIndex = 0; path = SOPT_iOS_1stSeminarTests.xctest; sourceTree = BUILT_PRODUCTS_DIR; };
		29565AE5244AB0BB005F13FF /* SOPT_iOS_1stSeminarTests.swift */ = {isa = PBXFileReference; lastKnownFileType = sourcecode.swift; path = SOPT_iOS_1stSeminarTests.swift; sourceTree = "<group>"; };
		29565AE7244AB0BB005F13FF /* Info.plist */ = {isa = PBXFileReference; lastKnownFileType = text.plist.xml; path = Info.plist; sourceTree = "<group>"; };
		29565AEC244AB0BB005F13FF /* SOPT_iOS_1stSeminarUITests.xctest */ = {isa = PBXFileReference; explicitFileType = wrapper.cfbundle; includeInIndex = 0; path = SOPT_iOS_1stSeminarUITests.xctest; sourceTree = BUILT_PRODUCTS_DIR; };
		29565AF0244AB0BB005F13FF /* SOPT_iOS_1stSeminarUITests.swift */ = {isa = PBXFileReference; lastKnownFileType = sourcecode.swift; path = SOPT_iOS_1stSeminarUITests.swift; sourceTree = "<group>"; };
		29565AF2244AB0BB005F13FF /* Info.plist */ = {isa = PBXFileReference; lastKnownFileType = text.plist.xml; path = Info.plist; sourceTree = "<group>"; };
		29565AFE244AB32E005F13FF /* BlueViewController.swift */ = {isa = PBXFileReference; lastKnownFileType = sourcecode.swift; path = BlueViewController.swift; sourceTree = "<group>"; };
		29565B00244ABD87005F13FF /* FirstViewController.swift */ = {isa = PBXFileReference; lastKnownFileType = sourcecode.swift; path = FirstViewController.swift; sourceTree = "<group>"; };
		29565B02244ABD93005F13FF /* SecondViewController.swift */ = {isa = PBXFileReference; lastKnownFileType = sourcecode.swift; path = SecondViewController.swift; sourceTree = "<group>"; };
/* End PBXFileReference section */

/* Begin PBXFrameworksBuildPhase section */
		29565AC8244AB0BA005F13FF /* Frameworks */ = {
			isa = PBXFrameworksBuildPhase;
			buildActionMask = 2147483647;
			files = (
			);
			runOnlyForDeploymentPostprocessing = 0;
		};
		29565ADE244AB0BB005F13FF /* Frameworks */ = {
			isa = PBXFrameworksBuildPhase;
			buildActionMask = 2147483647;
			files = (
			);
			runOnlyForDeploymentPostprocessing = 0;
		};
		29565AE9244AB0BB005F13FF /* Frameworks */ = {
			isa = PBXFrameworksBuildPhase;
			buildActionMask = 2147483647;
			files = (
			);
			runOnlyForDeploymentPostprocessing = 0;
		};
/* End PBXFrameworksBuildPhase section */

/* Begin PBXGroup section */
		29565AC2244AB0BA005F13FF = {
			isa = PBXGroup;
			children = (
				29565ACD244AB0BA005F13FF /* SOPT_iOS_1stSeminar */,
				29565AE4244AB0BB005F13FF /* SOPT_iOS_1stSeminarTests */,
				29565AEF244AB0BB005F13FF /* SOPT_iOS_1stSeminarUITests */,
				29565ACC244AB0BA005F13FF /* Products */,
			);
			sourceTree = "<group>";
		};
		29565ACC244AB0BA005F13FF /* Products */ = {
			isa = PBXGroup;
			children = (
				29565ACB244AB0BA005F13FF /* SOPT_iOS_1stSeminar.app */,
				29565AE1244AB0BB005F13FF /* SOPT_iOS_1stSeminarTests.xctest */,
				29565AEC244AB0BB005F13FF /* SOPT_iOS_1stSeminarUITests.xctest */,
			);
			name = Products;
			sourceTree = "<group>";
		};
		29565ACD244AB0BA005F13FF /* SOPT_iOS_1stSeminar */ = {
			isa = PBXGroup;
			children = (
				29565ACE244AB0BA005F13FF /* AppDelegate.swift */,
				29565AD0244AB0BA005F13FF /* SceneDelegate.swift */,
				29565AD2244AB0BA005F13FF /* ViewController.swift */,
				29565AD4244AB0BA005F13FF /* Main.storyboard */,
				29565AD7244AB0BB005F13FF /* Assets.xcassets */,
				29565AD9244AB0BB005F13FF /* LaunchScreen.storyboard */,
				29565ADC244AB0BB005F13FF /* Info.plist */,
				29565AFE244AB32E005F13FF /* BlueViewController.swift */,
				29565B00244ABD87005F13FF /* FirstViewController.swift */,
				29565B02244ABD93005F13FF /* SecondViewController.swift */,
			);
			path = SOPT_iOS_1stSeminar;
			sourceTree = "<group>";
		};
		29565AE4244AB0BB005F13FF /* SOPT_iOS_1stSeminarTests */ = {
			isa = PBXGroup;
			children = (
				29565AE5244AB0BB005F13FF /* SOPT_iOS_1stSeminarTests.swift */,
				29565AE7244AB0BB005F13FF /* Info.plist */,
			);
			path = SOPT_iOS_1stSeminarTests;
			sourceTree = "<group>";
		};
		29565AEF244AB0BB005F13FF /* SOPT_iOS_1stSeminarUITests */ = {
			isa = PBXGroup;
			children = (
				29565AF0244AB0BB005F13FF /* SOPT_iOS_1stSeminarUITests.swift */,
				29565AF2244AB0BB005F13FF /* Info.plist */,
			);
			path = SOPT_iOS_1stSeminarUITests;
			sourceTree = "<group>";
		};
/* End PBXGroup section */

/* Begin PBXNativeTarget section */
		29565ACA244AB0BA005F13FF /* SOPT_iOS_1stSeminar */ = {
			isa = PBXNativeTarget;
			buildConfigurationList = 29565AF5244AB0BB005F13FF /* Build configuration list for PBXNativeTarget "SOPT_iOS_1stSeminar" */;
			buildPhases = (
				29565AC7244AB0BA005F13FF /* Sources */,
				29565AC8244AB0BA005F13FF /* Frameworks */,
				29565AC9244AB0BA005F13FF /* Resources */,
			);
			buildRules = (
			);
			dependencies = (
			);
			name = SOPT_iOS_1stSeminar;
			productName = SOPT_iOS_1stSeminar;
			productReference = 29565ACB244AB0BA005F13FF /* SOPT_iOS_1stSeminar.app */;
			productType = "com.apple.product-type.application";
		};
		29565AE0244AB0BB005F13FF /* SOPT_iOS_1stSeminarTests */ = {
			isa = PBXNativeTarget;
			buildConfigurationList = 29565AF8244AB0BB005F13FF /* Build configuration list for PBXNativeTarget "SOPT_iOS_1stSeminarTests" */;
			buildPhases = (
				29565ADD244AB0BB005F13FF /* Sources */,
				29565ADE244AB0BB005F13FF /* Frameworks */,
				29565ADF244AB0BB005F13FF /* Resources */,
			);
			buildRules = (
			);
			dependencies = (
				29565AE3244AB0BB005F13FF /* PBXTargetDependency */,
			);
			name = SOPT_iOS_1stSeminarTests;
			productName = SOPT_iOS_1stSeminarTests;
			productReference = 29565AE1244AB0BB005F13FF /* SOPT_iOS_1stSeminarTests.xctest */;
			productType = "com.apple.product-type.bundle.unit-test";
		};
		29565AEB244AB0BB005F13FF /* SOPT_iOS_1stSeminarUITests */ = {
			isa = PBXNativeTarget;
			buildConfigurationList = 29565AFB244AB0BB005F13FF /* Build configuration list for PBXNativeTarget "SOPT_iOS_1stSeminarUITests" */;
			buildPhases = (
				29565AE8244AB0BB005F13FF /* Sources */,
				29565AE9244AB0BB005F13FF /* Frameworks */,
				29565AEA244AB0BB005F13FF /* Resources */,
			);
			buildRules = (
			);
			dependencies = (
				29565AEE244AB0BB005F13FF /* PBXTargetDependency */,
			);
			name = SOPT_iOS_1stSeminarUITests;
			productName = SOPT_iOS_1stSeminarUITests;
			productReference = 29565AEC244AB0BB005F13FF /* SOPT_iOS_1stSeminarUITests.xctest */;
			productType = "com.apple.product-type.bundle.ui-testing";
		};
/* End PBXNativeTarget section */

/* Begin PBXProject section */
		29565AC3244AB0BA005F13FF /* Project object */ = {
			isa = PBXProject;
			attributes = {
				LastSwiftUpdateCheck = 1130;
				LastUpgradeCheck = 1130;
				ORGANIZATIONNAME = SeongEun;
				TargetAttributes = {
					29565ACA244AB0BA005F13FF = {
						CreatedOnToolsVersion = 11.3.1;
					};
					29565AE0244AB0BB005F13FF = {
						CreatedOnToolsVersion = 11.3.1;
						TestTargetID = 29565ACA244AB0BA005F13FF;
					};
					29565AEB244AB0BB005F13FF = {
						CreatedOnToolsVersion = 11.3.1;
						TestTargetID = 29565ACA244AB0BA005F13FF;
					};
				};
			};
			buildConfigurationList = 29565AC6244AB0BA005F13FF /* Build configuration list for PBXProject "SOPT_iOS_1stSeminar" */;
			compatibilityVersion = "Xcode 9.3";
			developmentRegion = en;
			hasScannedForEncodings = 0;
			knownRegions = (
				en,
				Base,
			);
			mainGroup = 29565AC2244AB0BA005F13FF;
			productRefGroup = 29565ACC244AB0BA005F13FF /* Products */;
			projectDirPath = "";
			projectRoot = "";
			targets = (
				29565ACA244AB0BA005F13FF /* SOPT_iOS_1stSeminar */,
				29565AE0244AB0BB005F13FF /* SOPT_iOS_1stSeminarTests */,
				29565AEB244AB0BB005F13FF /* SOPT_iOS_1stSeminarUITests */,
			);
		};
/* End PBXProject section */

/* Begin PBXResourcesBuildPhase section */
		29565AC9244AB0BA005F13FF /* Resources */ = {
			isa = PBXResourcesBuildPhase;
			buildActionMask = 2147483647;
			files = (
				29565ADB244AB0BB005F13FF /* LaunchScreen.storyboard in Resources */,
				29565AD8244AB0BB005F13FF /* Assets.xcassets in Resources */,
				29565AD6244AB0BA005F13FF /* Main.storyboard in Resources */,
			);
			runOnlyForDeploymentPostprocessing = 0;
		};
		29565ADF244AB0BB005F13FF /* Resources */ = {
			isa = PBXResourcesBuildPhase;
			buildActionMask = 2147483647;
			files = (
			);
			runOnlyForDeploymentPostprocessing = 0;
		};
		29565AEA244AB0BB005F13FF /* Resources */ = {
			isa = PBXResourcesBuildPhase;
			buildActionMask = 2147483647;
			files = (
			);
			runOnlyForDeploymentPostprocessing = 0;
		};
/* End PBXResourcesBuildPhase section */

/* Begin PBXSourcesBuildPhase section */
		29565AC7244AB0BA005F13FF /* Sources */ = {
			isa = PBXSourcesBuildPhase;
			buildActionMask = 2147483647;
			files = (
				29565B03244ABD93005F13FF /* SecondViewController.swift in Sources */,
				29565B01244ABD87005F13FF /* FirstViewController.swift in Sources */,
				29565AD3244AB0BA005F13FF /* ViewController.swift in Sources */,
				29565ACF244AB0BA005F13FF /* AppDelegate.swift in Sources */,
				29565AFF244AB32E005F13FF /* BlueViewController.swift in Sources */,
				29565AD1244AB0BA005F13FF /* SceneDelegate.swift in Sources */,
			);
			runOnlyForDeploymentPostprocessing = 0;
		};
		29565ADD244AB0BB005F13FF /* Sources */ = {
			isa = PBXSourcesBuildPhase;
			buildActionMask = 2147483647;
			files = (
				29565AE6244AB0BB005F13FF /* SOPT_iOS_1stSeminarTests.swift in Sources */,
			);
			runOnlyForDeploymentPostprocessing = 0;
		};
		29565AE8244AB0BB005F13FF /* Sources */ = {
			isa = PBXSourcesBuildPhase;
			buildActionMask = 2147483647;
			files = (
				29565AF1244AB0BB005F13FF /* SOPT_iOS_1stSeminarUITests.swift in Sources */,
			);
			runOnlyForDeploymentPostprocessing = 0;
		};
/* End PBXSourcesBuildPhase section */

/* Begin PBXTargetDependency section */
		29565AE3244AB0BB005F13FF /* PBXTargetDependency */ = {
			isa = PBXTargetDependency;
			target = 29565ACA244AB0BA005F13FF /* SOPT_iOS_1stSeminar */;
			targetProxy = 29565AE2244AB0BB005F13FF /* PBXContainerItemProxy */;
		};
		29565AEE244AB0BB005F13FF /* PBXTargetDependency */ = {
			isa = PBXTargetDependency;
			target = 29565ACA244AB0BA005F13FF /* SOPT_iOS_1stSeminar */;
			targetProxy = 29565AED244AB0BB005F13FF /* PBXContainerItemProxy */;
		};
/* End PBXTargetDependency section */

/* Begin PBXVariantGroup section */
		29565AD4244AB0BA005F13FF /* Main.storyboard */ = {
			isa = PBXVariantGroup;
			children = (
				29565AD5244AB0BA005F13FF /* Base */,
			);
			name = Main.storyboard;
			sourceTree = "<group>";
		};
		29565AD9244AB0BB005F13FF /* LaunchScreen.storyboard */ = {
			isa = PBXVariantGroup;
			children = (
				29565ADA244AB0BB005F13FF /* Base */,
			);
			name = LaunchScreen.storyboard;
			sourceTree = "<group>";
		};
/* End PBXVariantGroup section */

/* Begin XCBuildConfiguration section */
		29565AF3244AB0BB005F13FF /* Debug */ = {
			isa = XCBuildConfiguration;
			buildSettings = {
				ALWAYS_SEARCH_USER_PATHS = NO;
				CLANG_ANALYZER_NONNULL = YES;
				CLANG_ANALYZER_NUMBER_OBJECT_CONVERSION = YES_AGGRESSIVE;
				CLANG_CXX_LANGUAGE_STANDARD = "gnu++14";
				CLANG_CXX_LIBRARY = "libc++";
				CLANG_ENABLE_MODULES = YES;
				CLANG_ENABLE_OBJC_ARC = YES;
				CLANG_ENABLE_OBJC_WEAK = YES;
				CLANG_WARN_BLOCK_CAPTURE_AUTORELEASING = YES;
				CLANG_WARN_BOOL_CONVERSION = YES;
				CLANG_WARN_COMMA = YES;
				CLANG_WARN_CONSTANT_CONVERSION = YES;
				CLANG_WARN_DEPRECATED_OBJC_IMPLEMENTATIONS = YES;
				CLANG_WARN_DIRECT_OBJC_ISA_USAGE = YES_ERROR;
				CLANG_WARN_DOCUMENTATION_COMMENTS = YES;
				CLANG_WARN_EMPTY_BODY = YES;
				CLANG_WARN_ENUM_CONVERSION = YES;
				CLANG_WARN_INFINITE_RECURSION = YES;
				CLANG_WARN_INT_CONVERSION = YES;
				CLANG_WARN_NON_LITERAL_NULL_CONVERSION = YES;
				CLANG_WARN_OBJC_IMPLICIT_RETAIN_SELF = YES;
				CLANG_WARN_OBJC_LITERAL_CONVERSION = YES;
				CLANG_WARN_OBJC_ROOT_CLASS = YES_ERROR;
				CLANG_WARN_RANGE_LOOP_ANALYSIS = YES;
				CLANG_WARN_STRICT_PROTOTYPES = YES;
				CLANG_WARN_SUSPICIOUS_MOVE = YES;
				CLANG_WARN_UNGUARDED_AVAILABILITY = YES_AGGRESSIVE;
				CLANG_WARN_UNREACHABLE_CODE = YES;
				CLANG_WARN__DUPLICATE_METHOD_MATCH = YES;
				COPY_PHASE_STRIP = NO;
				DEBUG_INFORMATION_FORMAT = dwarf;
				ENABLE_STRICT_OBJC_MSGSEND = YES;
				ENABLE_TESTABILITY = YES;
				GCC_C_LANGUAGE_STANDARD = gnu11;
				GCC_DYNAMIC_NO_PIC = NO;
				GCC_NO_COMMON_BLOCKS = YES;
				GCC_OPTIMIZATION_LEVEL = 0;
				GCC_PREPROCESSOR_DEFINITIONS = (
					"DEBUG=1",
					"$(inherited)",
				);
				GCC_WARN_64_TO_32_BIT_CONVERSION = YES;
				GCC_WARN_ABOUT_RETURN_TYPE = YES_ERROR;
				GCC_WARN_UNDECLARED_SELECTOR = YES;
				GCC_WARN_UNINITIALIZED_AUTOS = YES_AGGRESSIVE;
				GCC_WARN_UNUSED_FUNCTION = YES;
				GCC_WARN_UNUSED_VARIABLE = YES;
				IPHONEOS_DEPLOYMENT_TARGET = 13.2;
				MTL_ENABLE_DEBUG_INFO = INCLUDE_SOURCE;
				MTL_FAST_MATH = YES;
				ONLY_ACTIVE_ARCH = YES;
				SDKROOT = iphoneos;
				SWIFT_ACTIVE_COMPILATION_CONDITIONS = DEBUG;
				SWIFT_OPTIMIZATION_LEVEL = "-Onone";
			};
			name = Debug;
		};
		29565AF4244AB0BB005F13FF /* Release */ = {
			isa = XCBuildConfiguration;
			buildSettings = {
				ALWAYS_SEARCH_USER_PATHS = NO;
				CLANG_ANALYZER_NONNULL = YES;
				CLANG_ANALYZER_NUMBER_OBJECT_CONVERSION = YES_AGGRESSIVE;
				CLANG_CXX_LANGUAGE_STANDARD = "gnu++14";
				CLANG_CXX_LIBRARY = "libc++";
				CLANG_ENABLE_MODULES = YES;
				CLANG_ENABLE_OBJC_ARC = YES;
				CLANG_ENABLE_OBJC_WEAK = YES;
				CLANG_WARN_BLOCK_CAPTURE_AUTORELEASING = YES;
				CLANG_WARN_BOOL_CONVERSION = YES;
				CLANG_WARN_COMMA = YES;
				CLANG_WARN_CONSTANT_CONVERSION = YES;
				CLANG_WARN_DEPRECATED_OBJC_IMPLEMENTATIONS = YES;
				CLANG_WARN_DIRECT_OBJC_ISA_USAGE = YES_ERROR;
				CLANG_WARN_DOCUMENTATION_COMMENTS = YES;
				CLANG_WARN_EMPTY_BODY = YES;
				CLANG_WARN_ENUM_CONVERSION = YES;
				CLANG_WARN_INFINITE_RECURSION = YES;
				CLANG_WARN_INT_CONVERSION = YES;
				CLANG_WARN_NON_LITERAL_NULL_CONVERSION = YES;
				CLANG_WARN_OBJC_IMPLICIT_RETAIN_SELF = YES;
				CLANG_WARN_OBJC_LITERAL_CONVERSION = YES;
				CLANG_WARN_OBJC_ROOT_CLASS = YES_ERROR;
				CLANG_WARN_RANGE_LOOP_ANALYSIS = YES;
				CLANG_WARN_STRICT_PROTOTYPES = YES;
				CLANG_WARN_SUSPICIOUS_MOVE = YES;
				CLANG_WARN_UNGUARDED_AVAILABILITY = YES_AGGRESSIVE;
				CLANG_WARN_UNREACHABLE_CODE = YES;
				CLANG_WARN__DUPLICATE_METHOD_MATCH = YES;
				COPY_PHASE_STRIP = NO;
				DEBUG_INFORMATION_FORMAT = "dwarf-with-dsym";
				ENABLE_NS_ASSERTIONS = NO;
				ENABLE_STRICT_OBJC_MSGSEND = YES;
				GCC_C_LANGUAGE_STANDARD = gnu11;
				GCC_NO_COMMON_BLOCKS = YES;
				GCC_WARN_64_TO_32_BIT_CONVERSION = YES;
				GCC_WARN_ABOUT_RETURN_TYPE = YES_ERROR;
				GCC_WARN_UNDECLARED_SELECTOR = YES;
				GCC_WARN_UNINITIALIZED_AUTOS = YES_AGGRESSIVE;
				GCC_WARN_UNUSED_FUNCTION = YES;
				GCC_WARN_UNUSED_VARIABLE = YES;
				IPHONEOS_DEPLOYMENT_TARGET = 13.2;
				MTL_ENABLE_DEBUG_INFO = NO;
				MTL_FAST_MATH = YES;
				SDKROOT = iphoneos;
				SWIFT_COMPILATION_MODE = wholemodule;
				SWIFT_OPTIMIZATION_LEVEL = "-O";
				VALIDATE_PRODUCT = YES;
			};
			name = Release;
		};
		29565AF6244AB0BB005F13FF /* Debug */ = {
			isa = XCBuildConfiguration;
			buildSettings = {
				ASSETCATALOG_COMPILER_APPICON_NAME = AppIcon;
				CODE_SIGN_STYLE = Automatic;
				INFOPLIST_FILE = SOPT_iOS_1stSeminar/Info.plist;
				LD_RUNPATH_SEARCH_PATHS = (
					"$(inherited)",
					"@executable_path/Frameworks",
				);
				PRODUCT_BUNDLE_IDENTIFIER = "nkrang.SOPT-iOS-1stSeminar";
				PRODUCT_NAME = "$(TARGET_NAME)";
				SWIFT_VERSION = 5.0;
				TARGETED_DEVICE_FAMILY = "1,2";
			};
			name = Debug;
		};
		29565AF7244AB0BB005F13FF /* Release */ = {
			isa = XCBuildConfiguration;
			buildSettings = {
				ASSETCATALOG_COMPILER_APPICON_NAME = AppIcon;
				CODE_SIGN_STYLE = Automatic;
				INFOPLIST_FILE = SOPT_iOS_1stSeminar/Info.plist;
				LD_RUNPATH_SEARCH_PATHS = (
					"$(inherited)",
					"@executable_path/Frameworks",
				);
				PRODUCT_BUNDLE_IDENTIFIER = "nkrang.SOPT-iOS-1stSeminar";
				PRODUCT_NAME = "$(TARGET_NAME)";
				SWIFT_VERSION = 5.0;
				TARGETED_DEVICE_FAMILY = "1,2";
			};
			name = Release;
		};
		29565AF9244AB0BB005F13FF /* Debug */ = {
			isa = XCBuildConfiguration;
			buildSettings = {
				ALWAYS_EMBED_SWIFT_STANDARD_LIBRARIES = YES;
				BUNDLE_LOADER = "$(TEST_HOST)";
				CODE_SIGN_STYLE = Automatic;
				INFOPLIST_FILE = SOPT_iOS_1stSeminarTests/Info.plist;
				IPHONEOS_DEPLOYMENT_TARGET = 13.2;
				LD_RUNPATH_SEARCH_PATHS = (
					"$(inherited)",
					"@executable_path/Frameworks",
					"@loader_path/Frameworks",
				);
				PRODUCT_BUNDLE_IDENTIFIER = "nkrang.SOPT-iOS-1stSeminarTests";
				PRODUCT_NAME = "$(TARGET_NAME)";
				SWIFT_VERSION = 5.0;
				TARGETED_DEVICE_FAMILY = "1,2";
				TEST_HOST = "$(BUILT_PRODUCTS_DIR)/SOPT_iOS_1stSeminar.app/SOPT_iOS_1stSeminar";
			};
			name = Debug;
		};
		29565AFA244AB0BB005F13FF /* Release */ = {
			isa = XCBuildConfiguration;
			buildSettings = {
				ALWAYS_EMBED_SWIFT_STANDARD_LIBRARIES = YES;
				BUNDLE_LOADER = "$(TEST_HOST)";
				CODE_SIGN_STYLE = Automatic;
				INFOPLIST_FILE = SOPT_iOS_1stSeminarTests/Info.plist;
				IPHONEOS_DEPLOYMENT_TARGET = 13.2;
				LD_RUNPATH_SEARCH_PATHS = (
					"$(inherited)",
					"@executable_path/Frameworks",
					"@loader_path/Frameworks",
				);
				PRODUCT_BUNDLE_IDENTIFIER = "nkrang.SOPT-iOS-1stSeminarTests";
				PRODUCT_NAME = "$(TARGET_NAME)";
				SWIFT_VERSION = 5.0;
				TARGETED_DEVICE_FAMILY = "1,2";
				TEST_HOST = "$(BUILT_PRODUCTS_DIR)/SOPT_iOS_1stSeminar.app/SOPT_iOS_1stSeminar";
			};
			name = Release;
		};
		29565AFC244AB0BB005F13FF /* Debug */ = {
			isa = XCBuildConfiguration;
			buildSettings = {
				ALWAYS_EMBED_SWIFT_STANDARD_LIBRARIES = YES;
				CODE_SIGN_STYLE = Automatic;
				INFOPLIST_FILE = SOPT_iOS_1stSeminarUITests/Info.plist;
				LD_RUNPATH_SEARCH_PATHS = (
					"$(inherited)",
					"@executable_path/Frameworks",
					"@loader_path/Frameworks",
				);
				PRODUCT_BUNDLE_IDENTIFIER = "nkrang.SOPT-iOS-1stSeminarUITests";
				PRODUCT_NAME = "$(TARGET_NAME)";
				SWIFT_VERSION = 5.0;
				TARGETED_DEVICE_FAMILY = "1,2";
				TEST_TARGET_NAME = SOPT_iOS_1stSeminar;
			};
			name = Debug;
		};
		29565AFD244AB0BB005F13FF /* Release */ = {
			isa = XCBuildConfiguration;
			buildSettings = {
				ALWAYS_EMBED_SWIFT_STANDARD_LIBRARIES = YES;
				CODE_SIGN_STYLE = Automatic;
				INFOPLIST_FILE = SOPT_iOS_1stSeminarUITests/Info.plist;
				LD_RUNPATH_SEARCH_PATHS = (
					"$(inherited)",
					"@executable_path/Frameworks",
					"@loader_path/Frameworks",
				);
				PRODUCT_BUNDLE_IDENTIFIER = "nkrang.SOPT-iOS-1stSeminarUITests";
				PRODUCT_NAME = "$(TARGET_NAME)";
				SWIFT_VERSION = 5.0;
				TARGETED_DEVICE_FAMILY = "1,2";
				TEST_TARGET_NAME = SOPT_iOS_1stSeminar;
			};
			name = Release;
		};
/* End XCBuildConfiguration section */

/* Begin XCConfigurationList section */
		29565AC6244AB0BA005F13FF /* Build configuration list for PBXProject "SOPT_iOS_1stSeminar" */ = {
			isa = XCConfigurationList;
			buildConfigurations = (
				29565AF3244AB0BB005F13FF /* Debug */,
				29565AF4244AB0BB005F13FF /* Release */,
			);
			defaultConfigurationIsVisible = 0;
			defaultConfigurationName = Release;
		};
		29565AF5244AB0BB005F13FF /* Build configuration list for PBXNativeTarget "SOPT_iOS_1stSeminar" */ = {
			isa = XCConfigurationList;
			buildConfigurations = (
				29565AF6244AB0BB005F13FF /* Debug */,
				29565AF7244AB0BB005F13FF /* Release */,
			);
			defaultConfigurationIsVisible = 0;
			defaultConfigurationName = Release;
		};
		29565AF8244AB0BB005F13FF /* Build configuration list for PBXNativeTarget "SOPT_iOS_1stSeminarTests" */ = {
			isa = XCConfigurationList;
			buildConfigurations = (
				29565AF9244AB0BB005F13FF /* Debug */,
				29565AFA244AB0BB005F13FF /* Release */,
			);
			defaultConfigurationIsVisible = 0;
			defaultConfigurationName = Release;
		};
		29565AFB244AB0BB005F13FF /* Build configuration list for PBXNativeTarget "SOPT_iOS_1stSeminarUITests" */ = {
			isa = XCConfigurationList;
			buildConfigurations = (
				29565AFC244AB0BB005F13FF /* Debug */,
				29565AFD244AB0BB005F13FF /* Release */,
			);
			defaultConfigurationIsVisible = 0;
			defaultConfigurationName = Release;
		};
/* End XCConfigurationList section */
	};
	rootObject = 29565AC3244AB0BA005F13FF /* Project object */;
}
